{
  "name": "@blindspotlab/stackbrief",
  "version": "1.1.1",
  "lockfileVersion": 3,
  "requires": true,
  "packages": {
    "": {
      "name": "@blindspotlab/stackbrief",
      "version": "1.1.1",
      "license": "MIT",
      "bin": {
        "stackbrief": "bin/cli.js"
      },
      "devDependencies": {
        "@types/node": "^16.18.0",
        "typescript": "^5.8.3"
      },
      "engines": {
        "node": ">=16.7.0"
      }
    },
    "node_modules/@types/node": {
      "version": "16.18.126",
      "resolved": "https://registry.npmjs.org/@types/node/-/node-16.18.126.tgz",
      "integrity": "sha512-OTcgaiwfGFBKacvfwuHzzn1KLxH/er8mluiy8/uM3sGXHaRe73RrSIj01jow9t4kJEW633Ov+cOexXeiApTyAw==",
      "dev": true,
      "license": "MIT"
    },
    "node_modules/typescript": {
      "version": "5.9.3",
      "resolved": "https://registry.npmjs.org/typescript/-/typescript-5.9.3.tgz",
      "integrity": "sha512-jl1vZzPDinLr9eUt3J/t7V6FgNEw9QjvBPdysz9KfQDD41fQrC2Y4vKQdiaUpFT4bXlb1RHhLpp8wtm6M5TgSw==",
      "dev": true,
      "license": "Apache-2.0",
      "bin": {
        "tsc": "bin/tsc",
        "tsserver": "bin/tsserver"
      },
      "engines": {
        "node": ">=14.17"
      }
    },
    "packages/cli": {
      "name": "@blindspotlab/stackbrief-cli",
      "version": "1.0.4",
      "extraneous": true,
      "dependencies": {
        "@blindspotlab/stackbrief-scanner": "1.0.4",
        "@blindspotlab/stackbrief-types": "1.0.4"
      }
    },
    "packages/core": {
      "name": "@blindspotlab/stackbrief-core",
      "version": "1.0.4",
      "extraneous": true
    },
    "packages/scanner": {
      "name": "@blindspotlab/stackbrief-scanner",
      "version": "1.0.4",
      "extraneous": true,
      "dependencies": {
        "@blindspotlab/stackbrief-core": "1.0.4",
        "@blindspotlab/stackbrief-types": "1.0.4"
      }
    },
    "packages/types": {
      "name": "@blindspotlab/stackbrief-types",
      "version": "1.0.4",
      "extraneous": true
    }
  }
}
